PODS:
  - "!ProtoCompiler (3.7.0)":
    - Protobuf (~> 3.0)
  - Flutter (1.0.0)
  - flutter_blue (0.0.1):
    - "!ProtoCompiler"
    - Flutter
    - flutter_blue/Protos (= 0.0.1)
  - flutter_blue/Protos (0.0.1):
    - "!ProtoCompiler"
    - Flutter
    - Protobuf
  - flutter_bluetooth_serial (0.0.1):
    - Flutter
  - Protobuf (3.7.0)
  - usb_serial (0.0.1):
    - Flutter

DEPENDENCIES:
  - Flutter (from `.symlinks/flutter/ios`)
  - flutter_blue (from `.symlinks/plugins/flutter_blue/ios`)
  - flutter_bluetooth_serial (from `.symlinks/plugins/flutter_bluetooth_serial/ios`)
  - usb_serial (from `.symlinks/plugins/usb_serial/ios`)

SPEC REPOS:
  https://github.com/cocoapods/specs.git:
    - "!ProtoCompiler"
    - Protobuf

EXTERNAL SOURCES:
  Flutter:
    :path: ".symlinks/flutter/ios"
  flutter_blue:
    :path: ".symlinks/plugins/flutter_blue/ios"
  flutter_bluetooth_serial:
    :path: ".symlinks/plugins/flutter_bluetooth_serial/ios"
  usb_serial:
    :path: ".symlinks/plugins/usb_serial/ios"

SPEC CHECKSUMS:
  "!ProtoCompiler": efc8ba4dceb16b48f6b366a08500871c8d3ff8d2
  Flutter: 58dd7d1b27887414a370fcccb9e645c08ffd7a6a
  flutter_blue: f36c0b2507ad98f86326fd983fbcec88e588c8f1
  flutter_bluetooth_serial: a42f785e4f7d2a6390d415cc39da5474ec2fef4f
  Protobuf: 7a877b7f3e5964e3fce995e2eb323dbc6831bb5a
  usb_serial: 59a00535e5c8656b188c187a2cfd95017585c41e

PODFILE CHECKSUM: b7d0755641915265774624f3b3be49c5c073d379

COCOAPODS: 1.6.1
